
Microsoft Visual Studio Solution File, Format Version 12.00
# Visual Studio Version 16
VisualStudioVersion = 25.0.1700.0
MinimumVisualStudioVersion = 10.0.40219.1
Project("{FAE04EC0-301F-11D3-BF4B-00C04F79EFBC}") = "WebReaper", "WebReaper\WebReaper.csproj", "{72A004F0-3B30-4149-B33F-8C8220135A8B}"
EndProject
Project("{FAE04EC0-301F-11D3-BF4B-00C04F79EFBC}") = "WebReaper.Tests", "WebReaper.Tests\WebReaper.Tests.csproj", "{6A3C1998-9015-4AC8-8701-FBD2E2210EB1}"
EndProject
Project("{FAE04EC0-301F-11D3-BF4B-00C04F79EFBC}") = "ScraperWorkerService", "ScraperWorkerService\ScraperWorkerService.csproj", "{A9715581-1978-419A-A35E-66AC2A8A9D03}"
EndProject
Global
	GlobalSection(SolutionConfigurationPlatforms) = preSolution
		Debug|Any CPU = Debug|Any CPU
		Release|Any CPU = Release|Any CPU
	EndGlobalSection
	GlobalSection(ProjectConfigurationPlatforms) = postSolution
		{72A004F0-3B30-4149-B33F-8C8220135A8B}.Debug|Any CPU.ActiveCfg = Debug|Any CPU
		{72A004F0-3B30-4149-B33F-8C8220135A8B}.Debug|Any CPU.Build.0 = Debug|Any CPU
		{72A004F0-3B30-4149-B33F-8C8220135A8B}.Release|Any CPU.ActiveCfg = Release|Any CPU
		{72A004F0-3B30-4149-B33F-8C8220135A8B}.Release|Any CPU.Build.0 = Release|Any CPU
		{6A3C1998-9015-4AC8-8701-FBD2E2210EB1}.Debug|Any CPU.ActiveCfg = Debug|Any CPU
		{6A3C1998-9015-4AC8-8701-FBD2E2210EB1}.Debug|Any CPU.Build.0 = Debug|Any CPU
		{6A3C1998-9015-4AC8-8701-FBD2E2210EB1}.Release|Any CPU.ActiveCfg = Release|Any CPU
		{6A3C1998-9015-4AC8-8701-FBD2E2210EB1}.Release|Any CPU.Build.0 = Release|Any CPU
		{A9715581-1978-419A-A35E-66AC2A8A9D03}.Debug|Any CPU.ActiveCfg = Debug|Any CPU
		{A9715581-1978-419A-A35E-66AC2A8A9D03}.Debug|Any CPU.Build.0 = Debug|Any CPU
		{A9715581-1978-419A-A35E-66AC2A8A9D03}.Release|Any CPU.ActiveCfg = Release|Any CPU
		{A9715581-1978-419A-A35E-66AC2A8A9D03}.Release|Any CPU.Build.0 = Release|Any CPU
	EndGlobalSection
	GlobalSection(SolutionProperties) = preSolution
		HideSolutionNode = FALSE
	EndGlobalSection
	GlobalSection(ExtensibilityGlobals) = postSolution
		SolutionGuid = {8413198B-8D26-4E30-A5E2-E0FBC4DCEA59}
	EndGlobalSection
EndGlobal
